
Microsoft Visual Studio Solution File, Format Version 12.00
# Visual Studio Version 17
VisualStudioVersion = 17.4.33110.190
MinimumVisualStudioVersion = 10.0.40219.1
Project("{9A19103F-16F7-4668-BE54-9A1E7A4F7556}") = "ControllerUDP", "ControllerUDP.csproj", "{4837CF1F-DB89-446B-9714-A7EF12C1250F}"
EndProject
Project("{FAE04EC0-301F-11D3-BF4B-00C04F79EFBC}") = "ProtokolLibraly", "..\ProtokolLibraly\ProtokolLibraly.csproj", "{9BDF24A5-0E16-413C-826C-2918F10D1F15}"
EndProject
Project("{9A19103F-16F7-4668-BE54-9A1E7A4F7556}") = "Client", "..\Client1\Client.csproj", "{F557FE23-55D0-4276-AEB3-E72CF885924D}"
EndProject
Project("{9A19103F-16F7-4668-BE54-9A1E7A4F7556}") = "Client2", "..\Client2\Client2.csproj", "{0F874856-41EE-4EAC-B637-A8FAE9594BEF}"
EndProject
Project("{9A19103F-16F7-4668-BE54-9A1E7A4F7556}") = "ClientReciveUDP", "..\ClientReciveUDP\ClientReciveUDP.csproj", "{70F3C0C1-CC4B-4ABE-BCC3-ACB44F5B6E2A}"
EndProject
Project("{2150E333-8FDC-42A3-9474-1A3956D46DE8}") = "Элементы решения", "Элементы решения", "{DE58DF66-DA02-4426-BA09-C96CE3765D10}"
	ProjectSection(SolutionItems) = preProject
		..\README.md = ..\README.md
	EndProjectSection
EndProject
Global
	GlobalSection(SolutionConfigurationPlatforms) = preSolution
		Debug|Any CPU = Debug|Any CPU
		Release|Any CPU = Release|Any CPU
	EndGlobalSection
	GlobalSection(ProjectConfigurationPlatforms) = postSolution
		{4837CF1F-DB89-446B-9714-A7EF12C1250F}.Debug|Any CPU.ActiveCfg = Debug|Any CPU
		{4837CF1F-DB89-446B-9714-A7EF12C1250F}.Debug|Any CPU.Build.0 = Debug|Any CPU
		{4837CF1F-DB89-446B-9714-A7EF12C1250F}.Release|Any CPU.ActiveCfg = Release|Any CPU
		{4837CF1F-DB89-446B-9714-A7EF12C1250F}.Release|Any CPU.Build.0 = Release|Any CPU
		{9BDF24A5-0E16-413C-826C-2918F10D1F15}.Debug|Any CPU.ActiveCfg = Debug|Any CPU
		{9BDF24A5-0E16-413C-826C-2918F10D1F15}.Debug|Any CPU.Build.0 = Debug|Any CPU
		{9BDF24A5-0E16-413C-826C-2918F10D1F15}.Release|Any CPU.ActiveCfg = Release|Any CPU
		{9BDF24A5-0E16-413C-826C-2918F10D1F15}.Release|Any CPU.Build.0 = Release|Any CPU
		{F557FE23-55D0-4276-AEB3-E72CF885924D}.Debug|Any CPU.ActiveCfg = Debug|Any CPU
		{F557FE23-55D0-4276-AEB3-E72CF885924D}.Debug|Any CPU.Build.0 = Debug|Any CPU
		{F557FE23-55D0-4276-AEB3-E72CF885924D}.Release|Any CPU.ActiveCfg = Release|Any CPU
		{F557FE23-55D0-4276-AEB3-E72CF885924D}.Release|Any CPU.Build.0 = Release|Any CPU
		{0F874856-41EE-4EAC-B637-A8FAE9594BEF}.Debug|Any CPU.ActiveCfg = Debug|Any CPU
		{0F874856-41EE-4EAC-B637-A8FAE9594BEF}.Debug|Any CPU.Build.0 = Debug|Any CPU
		{0F874856-41EE-4EAC-B637-A8FAE9594BEF}.Release|Any CPU.ActiveCfg = Release|Any CPU
		{0F874856-41EE-4EAC-B637-A8FAE9594BEF}.Release|Any CPU.Build.0 = Release|Any CPU
		{70F3C0C1-CC4B-4ABE-BCC3-ACB44F5B6E2A}.Debug|Any CPU.ActiveCfg = Debug|Any CPU
		{70F3C0C1-CC4B-4ABE-BCC3-ACB44F5B6E2A}.Debug|Any CPU.Build.0 = Debug|Any CPU
		{70F3C0C1-CC4B-4ABE-BCC3-ACB44F5B6E2A}.Release|Any CPU.ActiveCfg = Release|Any CPU
		{70F3C0C1-CC4B-4ABE-BCC3-ACB44F5B6E2A}.Release|Any CPU.Build.0 = Release|Any CPU
	EndGlobalSection
	GlobalSection(SolutionProperties) = preSolution
		HideSolutionNode = FALSE
	EndGlobalSection
	GlobalSection(ExtensibilityGlobals) = postSolution
		SolutionGuid = {85B355A8-2401-4401-BCE3-1C598AAB19B4}
	EndGlobalSection
EndGlobal
